
Microsoft Visual Studio Solution File, Format Version 12.00
# Visual Studio Version 17
VisualStudioVersion = 17.7.34221.43
MinimumVisualStudioVersion = 10.0.40219.1
Project("{9A19103F-16F7-4668-BE54-9A1E7A4F7556}") = "Arrays01DayofWeek", "Arrays\Arrays01DayofWeek.csproj", "{44A59BC7-83E1-4E26-A616-6203DBFCF18F}"
EndProject
Project("{9A19103F-16F7-4668-BE54-9A1E7A4F7556}") = "Arrays02PrintNumbersinReverseOrder", "02PrintNumbersinReverseOrder\Arrays02PrintNumbersinReverseOrder.csproj", "{E9E621E7-56E2-4A3B-AA38-E5176B3E43A2}"
EndProject
Project("{9A19103F-16F7-4668-BE54-9A1E7A4F7556}") = "Arrays03RoundingNumbers", "03RoundingNumbers\Arrays03RoundingNumbers.csproj", "{9465ACEF-DCC3-494C-A8A9-342E77D6EFA2}"
EndProject
Project("{9A19103F-16F7-4668-BE54-9A1E7A4F7556}") = "Arrays04ReverseArrayofStrings", "Arrays04ReverseArrayofStrings\Arrays04ReverseArrayofStrings.csproj", "{D9AA07AE-DF52-4AA1-A031-6A098C8C0E53}"
EndProject
Project("{9A19103F-16F7-4668-BE54-9A1E7A4F7556}") = "Arrays05SumEvenNumbers", "Arrays05SumEvenNumbers\Arrays05SumEvenNumbers.csproj", "{6941D6CD-3C3C-4D04-BDC1-B85B3E63F1D5}"
EndProject
Project("{9A19103F-16F7-4668-BE54-9A1E7A4F7556}") = "Arrays06EvenandOddSubtraction", "Arrays06EvenandOddSubtraction\Arrays06EvenandOddSubtraction.csproj", "{6C22BF32-EBDB-4DF2-9381-5692FA391D42}"
EndProject
Project("{9A19103F-16F7-4668-BE54-9A1E7A4F7556}") = "Arrays7EqualArrays", "Arrays7Equal Arrays\Arrays7EqualArrays.csproj", "{85542122-52BE-487B-BFD2-A29947DAECE1}"
EndProject
Project("{9A19103F-16F7-4668-BE54-9A1E7A4F7556}") = "Arrays08CondenseArraytoNumber", "Arrays08CondenseArraytoNumber\Arrays08CondenseArraytoNumber.csproj", "{DB477451-14DB-48D6-A17C-ADD4F24EB72B}"
EndProject
Project("{9A19103F-16F7-4668-BE54-9A1E7A4F7556}") = "Arrays01Train", "Arrays01Train\Arrays01Train.csproj", "{220E26A8-302A-42C1-9E52-8A7A146AE6D5}"
EndProject
Project("{9A19103F-16F7-4668-BE54-9A1E7A4F7556}") = "Arrays02CommonElements", "Arrays02CommonElements\Arrays02CommonElements.csproj", "{54EA060F-2A96-465C-A5A1-F48EB5CD3CE9}"
EndProject
Project("{9A19103F-16F7-4668-BE54-9A1E7A4F7556}") = "Arrays03ZigZazArrays", "Arrays03ZigZazArrays\Arrays03ZigZazArrays.csproj", "{52D93016-0EA3-4B46-836E-BE55ED771C3B}"
EndProject
Project("{9A19103F-16F7-4668-BE54-9A1E7A4F7556}") = "Arrays04ArrayRotation", "Arrays04ArrayRotation\Arrays04ArrayRotation.csproj", "{8D09D7F9-819F-4A77-A35F-38AFFA0AF00A}"
EndProject
Project("{9A19103F-16F7-4668-BE54-9A1E7A4F7556}") = "Arrays05TopIntegers", "Arrays05TopIntegers\Arrays05TopIntegers.csproj", "{BBEE8F23-6D91-459D-82A8-314CD6E34547}"
EndProject
Project("{9A19103F-16F7-4668-BE54-9A1E7A4F7556}") = "Arrays06EqualSum", "Arrays06EqualSum\Arrays06EqualSum.csproj", "{15684BDB-BAE4-40CA-A107-47A319789B2E}"
EndProject
Project("{9A19103F-16F7-4668-BE54-9A1E7A4F7556}") = "Arrays07MaxSequenceofEqualElements", "Arrays07MaxSequenceofEqualElements\Arrays07MaxSequenceofEqualElements.csproj", "{3B1195CD-3612-4507-B0E0-86CC760B65C4}"
EndProject
Project("{9A19103F-16F7-4668-BE54-9A1E7A4F7556}") = "Arrays08MagicSum", "Arrays08MagicSum\Arrays08MagicSum.csproj", "{F4E6AEC6-C8FD-4295-8BA5-72E65C18E0B0}"
EndProject
Project("{9A19103F-16F7-4668-BE54-9A1E7A4F7556}") = "Arrays09Kamino Factory", "Arrays09Kamino Factory\Arrays09Kamino Factory.csproj", "{84A5D8A6-7095-4860-81DF-F8B0EAB59AFA}"
EndProject
Project("{9A19103F-16F7-4668-BE54-9A1E7A4F7556}") = "Methods01SignofIntegerNumbers", "Methods01SignofIntegerNumbers\Methods01SignofIntegerNumbers.csproj", "{F992EF60-1596-445C-A5F1-9DCA6F9437DE}"
EndProject
Project("{9A19103F-16F7-4668-BE54-9A1E7A4F7556}") = "Methods02Grades", "Methods02Grades\Methods02Grades.csproj", "{616F0BDC-3FFA-4E06-A6AC-C76339FA8D45}"
EndProject
Project("{9A19103F-16F7-4668-BE54-9A1E7A4F7556}") = "Methods03Calculations", "Methods03Calculations\Methods03Calculations.csproj", "{6DE2BC31-7D99-4D62-A8C6-6A039CA885CD}"
EndProject
Project("{9A19103F-16F7-4668-BE54-9A1E7A4F7556}") = "Methods04PrintingTriangle", "Methods04PrintingTriangle\Methods04PrintingTriangle.csproj", "{2546A402-4FA5-4C0C-9094-BFF6F63C7CCD}"
EndProject
Project("{9A19103F-16F7-4668-BE54-9A1E7A4F7556}") = "Methods05Orders", "Methods05Orders\Methods05Orders.csproj", "{E01F1B42-2638-4DBC-9FE2-3C83D7C9A362}"
EndProject
Project("{9A19103F-16F7-4668-BE54-9A1E7A4F7556}") = "Methods06CalculateRectangleArea", "Methods06CalculateRectangleArea\Methods06CalculateRectangleArea.csproj", "{52477ECB-5E70-49AB-97FC-B9F296B0F124}"
EndProject
Project("{9A19103F-16F7-4668-BE54-9A1E7A4F7556}") = "Methods07Repeat String", "Methods07Repeat String\Methods07Repeat String.csproj", "{AEC0893C-1421-4635-AD6B-EA33A56AC289}"
EndProject
Project("{9A19103F-16F7-4668-BE54-9A1E7A4F7556}") = "08MathPower", "08MathPower\08MathPower.csproj", "{9A063567-3B96-4691-942E-A96962BD593E}"
EndProject
Project("{9A19103F-16F7-4668-BE54-9A1E7A4F7556}") = "Methods09GreaterofTwoValues", "Methods09GreaterofTwoValues\Methods09GreaterofTwoValues.csproj", "{E76E2D64-0FB6-43D9-94AD-8C9B01723CF2}"
EndProject
Project("{9A19103F-16F7-4668-BE54-9A1E7A4F7556}") = "Methods10MultiplyEvensbyOdds", "Methods10MultiplyEvensbyOdds\Methods10MultiplyEvensbyOdds.csproj", "{5B2A6F74-0744-46AE-AE53-727BC57B3E97}"
EndProject
Project("{9A19103F-16F7-4668-BE54-9A1E7A4F7556}") = "Methods11MathOperations", "Methods11MathOperations\Methods11MathOperations.csproj", "{5AFDF354-D785-4FEB-B7D8-1349B13500D3}"
EndProject
Project("{9A19103F-16F7-4668-BE54-9A1E7A4F7556}") = "Methods01SmallestofThreeNumbers", "Methods01SmallestofThreeNumbers\Methods01SmallestofThreeNumbers.csproj", "{57CD4029-B878-4EB2-9778-A0492269ABE0}"
EndProject
Project("{9A19103F-16F7-4668-BE54-9A1E7A4F7556}") = "Methods02VowelsCount", "Methods02VowelsCount\Methods02VowelsCount.csproj", "{B0C6180A-52B2-49FB-A0B3-C2761CB805DE}"
EndProject
Project("{9A19103F-16F7-4668-BE54-9A1E7A4F7556}") = "Methods03CharactersinRange", "Methods03CharactersinRange\Methods03CharactersinRange.csproj", "{F57DE710-434C-489F-A0C5-FE702CED2F93}"
EndProject
Project("{9A19103F-16F7-4668-BE54-9A1E7A4F7556}") = "Methods04PasswordValidator", "Methods04PasswordValidator\Methods04PasswordValidator.csproj", "{51BBB9EE-DF25-4259-96B0-D1CB98766891}"
EndProject
Project("{9A19103F-16F7-4668-BE54-9A1E7A4F7556}") = "Methods05AddandSubtract", "Methods05AddandSubtract\Methods05AddandSubtract.csproj", "{83DA074B-BA66-4BB9-97FE-6DFB9F1C6274}"
EndProject
Project("{9A19103F-16F7-4668-BE54-9A1E7A4F7556}") = "Methods06MiddleCharacters", "Methods06MiddleCharacters\Methods06MiddleCharacters.csproj", "{3E8FA985-0CD9-449D-89FF-CA27647338D7}"
EndProject
Project("{9A19103F-16F7-4668-BE54-9A1E7A4F7556}") = "Methods07NxN Matrix", "Methods07NxN Matrix\Methods07NxN Matrix.csproj", "{2131553C-83FC-44E0-B40F-974047E3CAFC}"
EndProject
Project("{9A19103F-16F7-4668-BE54-9A1E7A4F7556}") = "Methods08FactorialDivision", "Methods08FactorialDivision\Methods08FactorialDivision.csproj", "{545B1472-D097-4409-B8D5-3FC511E513EC}"
EndProject
Project("{9A19103F-16F7-4668-BE54-9A1E7A4F7556}") = "Methods09PalindromeIntegers", "Methods09PalindromeIntegers\Methods09PalindromeIntegers.csproj", "{517B7A48-8AB3-484C-AF04-A941B33B8B28}"
EndProject
Project("{9A19103F-16F7-4668-BE54-9A1E7A4F7556}") = "Methods10TopNumber", "Methods10TopNumber\Methods10TopNumber.csproj", "{EA60E104-8A23-412D-A24C-B18FDD13AA86}"
EndProject
Project("{9A19103F-16F7-4668-BE54-9A1E7A4F7556}") = "Methods11ArrayManipulator", "Methods11ArrayManipulator\Methods11ArrayManipulator.csproj", "{E3BC9E8A-CC53-4CC4-8D3A-815DCCC14397}"
EndProject
Project("{9A19103F-16F7-4668-BE54-9A1E7A4F7556}") = "MEArrays01EncryptSortandPrintArray", "MEArrays01EncryptSortandPrintArray\MEArrays01EncryptSortandPrintArray.csproj", "{CCF56EFC-94AD-47DC-849B-B20EB396AB90}"
EndProject
Project("{9A19103F-16F7-4668-BE54-9A1E7A4F7556}") = "MEArrays02PascalTriangle", "MEArrays02PascalTriangle\MEArrays02PascalTriangle.csproj", "{62C94260-82A4-4177-AB19-000467F7CBA2}"
EndProject
Project("{9A19103F-16F7-4668-BE54-9A1E7A4F7556}") = "MEArrays03RecursiveFibonacci", "MEArrays03RecursiveFibonacci\MEArrays03RecursiveFibonacci.csproj", "{14124704-234E-4A8D-96AF-67FBAF2991D9}"
EndProject
Project("{9A19103F-16F7-4668-BE54-9A1E7A4F7556}") = "MEArrays04FoldandSum", "MEArrays04FoldandSum\MEArrays04FoldandSum.csproj", "{943A2200-AB79-4DC9-9C2C-F78FC9CA022D}"
EndProject
Project("{9A19103F-16F7-4668-BE54-9A1E7A4F7556}") = "List01SumAdjacentEqualNumbers", "List01SumAdjacentEqualNumbers\List01SumAdjacentEqualNumbers.csproj", "{0DA5EE50-897E-4631-81EE-CF3F6DAF3A56}"
EndProject
Project("{9A19103F-16F7-4668-BE54-9A1E7A4F7556}") = "List2GaussTrick", "List2GaussTrick\List2GaussTrick.csproj", "{D47B1EF2-5405-40D9-9947-F7E053BC2793}"
EndProject
Project("{9A19103F-16F7-4668-BE54-9A1E7A4F7556}") = "List03MergingLists", "List03MergingLists\List03MergingLists.csproj", "{92642D77-035F-4748-BD26-890BFFFDE432}"
EndProject
Project("{9A19103F-16F7-4668-BE54-9A1E7A4F7556}") = "List04ListofProducts", "List04ListofProducts\List04ListofProducts.csproj", "{E17057D6-3928-44ED-8B6B-656696D7F17A}"
EndProject
Project("{9A19103F-16F7-4668-BE54-9A1E7A4F7556}") = "List05RemoveNegativesandReverse", "List05RemoveNegativesandReverse\List05RemoveNegativesandReverse.csproj", "{007DCB15-E5A4-403C-ABED-786C37242A00}"
EndProject
Project("{9A19103F-16F7-4668-BE54-9A1E7A4F7556}") = "List06ListManipulationBasics", "List06ListManipulationBasics\List06ListManipulationBasics.csproj", "{CAFBA726-D2C4-42FB-827D-3D13D04B704E}"
EndProject
Project("{9A19103F-16F7-4668-BE54-9A1E7A4F7556}") = "List07ListManipulationAdvanced", "List07ListManipulationAdvanced\List07ListManipulationAdvanced.csproj", "{097C9D22-9DA5-4CB4-99AE-3BBDA5945009}"
EndProject
Project("{9A19103F-16F7-4668-BE54-9A1E7A4F7556}") = "List01Train", "List01Train\List01Train.csproj", "{639E4047-0528-4EA9-A8F8-36B46FF984C5}"
EndProject
Project("{9A19103F-16F7-4668-BE54-9A1E7A4F7556}") = "List02ChangeList", "List02ChangeList\List02ChangeList.csproj", "{A78882C9-2B14-453B-B9DB-5FAF9F6020A9}"
EndProject
Project("{9A19103F-16F7-4668-BE54-9A1E7A4F7556}") = "List03HouseParty", "List03HouseParty\List03HouseParty.csproj", "{3270A746-3CE5-4FED-BFD7-ED8D38130471}"
EndProject
Project("{9A19103F-16F7-4668-BE54-9A1E7A4F7556}") = "List04ListOperations", "List04ListOperations\List04ListOperations.csproj", "{627041B3-DEC3-4F76-9BB4-D5364B5BC2F5}"
EndProject
Project("{9A19103F-16F7-4668-BE54-9A1E7A4F7556}") = "List05BombNumbers", "List05BombNumbers\List05BombNumbers.csproj", "{FBE84CAE-274A-4725-8DD1-BE64C925CF52}"
EndProject
Project("{9A19103F-16F7-4668-BE54-9A1E7A4F7556}") = "List06CardsGame", "List06CardsGame\List06CardsGame.csproj", "{2307DE0C-7D8D-4BEA-AD4B-DB59F9E9759C}"
EndProject
Project("{9A19103F-16F7-4668-BE54-9A1E7A4F7556}") = "List07AppendArrays", "List07AppendArrays\List07AppendArrays.csproj", "{E78CF834-1D4A-482C-B14C-1599F16CEA21}"
EndProject
Project("{9A19103F-16F7-4668-BE54-9A1E7A4F7556}") = "ExamPrep01BlackFlag", "ExamPrep01BlackFlag\ExamPrep01BlackFlag.csproj", "{E73D2CBD-E562-41AF-84F8-9A89175C5C8A}"
EndProject
Project("{9A19103F-16F7-4668-BE54-9A1E7A4F7556}") = "ExamPrep02ShootForTheWin", "ExamPrep02ShootForTheWin\ExamPrep02ShootForTheWin.csproj", "{0F2E0F54-2561-48B6-B8D9-383E948E39C9}"
EndProject
Project("{9A19103F-16F7-4668-BE54-9A1E7A4F7556}") = "ExamPrep03Numbers", "ExamPrep03Numbers\ExamPrep03Numbers.csproj", "{CA962B0B-6D5B-4991-8426-18DE3073EC45}"
EndProject
Project("{9A19103F-16F7-4668-BE54-9A1E7A4F7556}") = "ExamPrep01CounterStrike", "ExamPrep01CounterStrike\ExamPrep01CounterStrike.csproj", "{7C1ABB62-77AD-4484-AC5C-2A67818686A9}"
EndProject
Project("{9A19103F-16F7-4668-BE54-9A1E7A4F7556}") = "ExamPrep02TreasureHunt", "ExamPrep02TreasureHunt\ExamPrep02TreasureHunt.csproj", "{434845E8-5C55-48B6-A838-DC94742B8C93}"
EndProject
Project("{9A19103F-16F7-4668-BE54-9A1E7A4F7556}") = "ExamPrep03MemoryGame", "ExamPrep03MemoryGame\ExamPrep03MemoryGame.csproj", "{0CBC2D62-9400-4490-9F79-35DA5C6B85D9}"
EndProject
Project("{9A19103F-16F7-4668-BE54-9A1E7A4F7556}") = "ObjectsAndClasses01Randomize Words", "ObjectsAndClasses01Randomize Words\ObjectsAndClasses01Randomize Words.csproj", "{FC446ECE-B974-40D5-BDD8-4A2DDF18CDE4}"
EndProject
Project("{9A19103F-16F7-4668-BE54-9A1E7A4F7556}") = "ObjectsAndClasses02BigFactorial", "ObjectsAndClasses02BigFactorial\ObjectsAndClasses02BigFactorial.csproj", "{C5D4267A-6840-4302-86FC-ACE8F33F8385}"
EndProject
Project("{9A19103F-16F7-4668-BE54-9A1E7A4F7556}") = "ObjectsAndClasses03Songs", "ObjectsAndClasses03Songs\ObjectsAndClasses03Songs.csproj", "{80E8AA06-BE89-47B8-A9D3-9EE2BAD02397}"
EndProject
Project("{9A19103F-16F7-4668-BE54-9A1E7A4F7556}") = "ObjectsAndClasses04Students", "ObjectsAndClasses04Students\ObjectsAndClasses04Students.csproj", "{D15C451E-A42E-49DB-8F33-19B6263D0C26}"
EndProject
Project("{9A19103F-16F7-4668-BE54-9A1E7A4F7556}") = "ObjectsAndClasses05Students2.0", "ObjectsAndClasses05Students2.0\ObjectsAndClasses05Students2.0.csproj", "{312A4434-00AC-4004-9E5C-2340D7C3DCA2}"
EndProject
Project("{9A19103F-16F7-4668-BE54-9A1E7A4F7556}") = "ObjectsAndClasses06StoreBoxes", "ObjectsAndClasses06StoreBoxes\ObjectsAndClasses06StoreBoxes.csproj", "{C3F48FE7-D574-4B57-889A-2C482D47980B}"
EndProject
Project("{9A19103F-16F7-4668-BE54-9A1E7A4F7556}") = "ObjectsAndClasses07VehicleCatalogue", "ObjectsAndClasses07VehicleCatalogue\ObjectsAndClasses07VehicleCatalogue.csproj", "{5D8CFBD2-CF74-403F-8987-3786E316081A}"
EndProject
Project("{9A19103F-16F7-4668-BE54-9A1E7A4F7556}") = "ObjectsAndClasses01AdvertisementMessage", "ObjectsAndClasses01AdvertisementMessage\ObjectsAndClasses01AdvertisementMessage.csproj", "{3208088B-E20D-496C-91B9-6714DAE6E827}"
EndProject
Project("{9A19103F-16F7-4668-BE54-9A1E7A4F7556}") = "ObjectsAndClasses02Articles", "ObjectsAndClasses02Articles\ObjectsAndClasses02Articles.csproj", "{FA848A43-CA30-4018-AF93-8ECB69742415}"
EndProject
Project("{9A19103F-16F7-4668-BE54-9A1E7A4F7556}") = "ObjectsAndClasses2.0Articles", "ObjectsAndClasses2.0Articles\ObjectsAndClasses2.0Articles.csproj", "{B5008A2A-E94A-4175-B119-3106DF225C63}"
EndProject
Project("{9A19103F-16F7-4668-BE54-9A1E7A4F7556}") = "ObjectsAndClasses04StudentsExercise", "ObjectsAndClasses04StudentsExercise\ObjectsAndClasses04StudentsExercise.csproj", "{EB616A01-41D9-4417-A033-2C0E162B19BE}"
EndProject
Project("{9A19103F-16F7-4668-BE54-9A1E7A4F7556}") = "ObjectsAndClasses05Teamwork Projects", "ObjectsAndClasses05Teamwork Projects\ObjectsAndClasses05Teamwork Projects.csproj", "{761A2ADB-C514-46D5-814A-1D1438DA912F}"
EndProject
Project("{9A19103F-16F7-4668-BE54-9A1E7A4F7556}") = "ObjectsAndClasses06VehicleCatalogue", "ObjectsAndClasses06VehicleCatalogue\ObjectsAndClasses06VehicleCatalogue.csproj", "{D1FF8862-8B02-4B88-A9A4-33E4B440E94D}"
EndProject
Project("{9A19103F-16F7-4668-BE54-9A1E7A4F7556}") = "ObjectsAndClasses07OrderbyAge", "ObjectsAndClasses07OrderbyAge\ObjectsAndClasses07OrderbyAge.csproj", "{68594E67-C670-46AD-AFDE-0E9D6E7914A3}"
EndProject
Project("{9A19103F-16F7-4668-BE54-9A1E7A4F7556}") = "AssociativeArrays01CountRealNumbers", "AssociativeArrays01CountRealNumbers\AssociativeArrays01CountRealNumbers.csproj", "{CF2E9D9E-DDA0-4F62-B2B2-8102E7C35C95}"
EndProject
Project("{9A19103F-16F7-4668-BE54-9A1E7A4F7556}") = "AssociativeArrays02OddOccurrences", "AssociativeArrays02OddOccurrences\AssociativeArrays02OddOccurrences.csproj", "{4DA63084-58C1-4BF2-844D-A7CB9314C024}"
EndProject
Project("{9A19103F-16F7-4668-BE54-9A1E7A4F7556}") = "AssociativeArrays03WordSynonyms", "AssociativeArrays03WordSynonyms\AssociativeArrays03WordSynonyms.csproj", "{08BD36B6-9A49-4D44-8ACC-08132631D16A}"
EndProject
Project("{9A19103F-16F7-4668-BE54-9A1E7A4F7556}") = "AssociativeArrays04WordFilter", "AssociativeArrays04WordFilter\AssociativeArrays04WordFilter.csproj", "{C3225794-25C6-410E-8310-D72A836E17EA}"
EndProject
Project("{9A19103F-16F7-4668-BE54-9A1E7A4F7556}") = "AssociativeArrays01CountCharsInAString", "AssociativeArrays01CountCharsInAString\AssociativeArrays01CountCharsInAString.csproj", "{EDB5BE70-1B31-4039-AC0A-4328E2C7DC9B}"
EndProject
Project("{9A19103F-16F7-4668-BE54-9A1E7A4F7556}") = "AssociativeArrays02AMinerTask", "AssociativeArrays02AMinerTask\AssociativeArrays02AMinerTask.csproj", "{2965CAEE-004E-4FE1-8561-FAEAFE10EE4C}"
EndProject
Project("{9A19103F-16F7-4668-BE54-9A1E7A4F7556}") = "AssociativeArrays03Orders", "AssociativeArrays03Orders\AssociativeArrays03Orders.csproj", "{F1E39A52-DD0D-4D46-9161-DB52BDE605D7}"
EndProject
Project("{FAE04EC0-301F-11D3-BF4B-00C04F79EFBC}") = "AssociativeArrays04SoftUniParking", "AssociativeArrays04SoftUniParking\AssociativeArrays04SoftUniParking.csproj", "{BE0821D2-2488-4576-8881-56AA2C9051CF}"
EndProject
Project("{FAE04EC0-301F-11D3-BF4B-00C04F79EFBC}") = "AssociativeArrays05Courses", "AssociativeArrays05Courses\AssociativeArrays05Courses.csproj", "{D88291AE-7F34-4CDC-A2B8-B6566A3ACF1B}"
EndProject
Project("{FAE04EC0-301F-11D3-BF4B-00C04F79EFBC}") = "AssociativeArrays06StudentAcademy", "AssociativeArrays06StudentAcademy\AssociativeArrays06StudentAcademy.csproj", "{5B8DE24D-4C02-4B9E-ADC6-C579657DF637}"
EndProject
Project("{FAE04EC0-301F-11D3-BF4B-00C04F79EFBC}") = "AssociativeArrays07CompanyUsers", "AssociativeArrays07CompanyUsers\AssociativeArrays07CompanyUsers.csproj", "{23E495B0-9464-4DF6-8DC2-19E1BDB37E1A}"
EndProject
Global
	GlobalSection(SolutionConfigurationPlatforms) = preSolution
		Debug|Any CPU = Debug|Any CPU
		Release|Any CPU = Release|Any CPU
	EndGlobalSection
	GlobalSection(ProjectConfigurationPlatforms) = postSolution
		{44A59BC7-83E1-4E26-A616-6203DBFCF18F}.Debug|Any CPU.ActiveCfg = Debug|Any CPU
		{44A59BC7-83E1-4E26-A616-6203DBFCF18F}.Debug|Any CPU.Build.0 = Debug|Any CPU
		{44A59BC7-83E1-4E26-A616-6203DBFCF18F}.Release|Any CPU.ActiveCfg = Release|Any CPU
		{44A59BC7-83E1-4E26-A616-6203DBFCF18F}.Release|Any CPU.Build.0 = Release|Any CPU
		{E9E621E7-56E2-4A3B-AA38-E5176B3E43A2}.Debug|Any CPU.ActiveCfg = Debug|Any CPU
		{E9E621E7-56E2-4A3B-AA38-E5176B3E43A2}.Debug|Any CPU.Build.0 = Debug|Any CPU
		{E9E621E7-56E2-4A3B-AA38-E5176B3E43A2}.Release|Any CPU.ActiveCfg = Release|Any CPU
		{E9E621E7-56E2-4A3B-AA38-E5176B3E43A2}.Release|Any CPU.Build.0 = Release|Any CPU
		{9465ACEF-DCC3-494C-A8A9-342E77D6EFA2}.Debug|Any CPU.ActiveCfg = Debug|Any CPU
		{9465ACEF-DCC3-494C-A8A9-342E77D6EFA2}.Debug|Any CPU.Build.0 = Debug|Any CPU
		{9465ACEF-DCC3-494C-A8A9-342E77D6EFA2}.Release|Any CPU.ActiveCfg = Release|Any CPU
		{9465ACEF-DCC3-494C-A8A9-342E77D6EFA2}.Release|Any CPU.Build.0 = Release|Any CPU
		{D9AA07AE-DF52-4AA1-A031-6A098C8C0E53}.Debug|Any CPU.ActiveCfg = Debug|Any CPU
		{D9AA07AE-DF52-4AA1-A031-6A098C8C0E53}.Debug|Any CPU.Build.0 = Debug|Any CPU
		{D9AA07AE-DF52-4AA1-A031-6A098C8C0E53}.Release|Any CPU.ActiveCfg = Release|Any CPU
		{D9AA07AE-DF52-4AA1-A031-6A098C8C0E53}.Release|Any CPU.Build.0 = Release|Any CPU
		{6941D6CD-3C3C-4D04-BDC1-B85B3E63F1D5}.Debug|Any CPU.ActiveCfg = Debug|Any CPU
		{6941D6CD-3C3C-4D04-BDC1-B85B3E63F1D5}.Debug|Any CPU.Build.0 = Debug|Any CPU
		{6941D6CD-3C3C-4D04-BDC1-B85B3E63F1D5}.Release|Any CPU.ActiveCfg = Release|Any CPU
		{6941D6CD-3C3C-4D04-BDC1-B85B3E63F1D5}.Release|Any CPU.Build.0 = Release|Any CPU
		{6C22BF32-EBDB-4DF2-9381-5692FA391D42}.Debug|Any CPU.ActiveCfg = Debug|Any CPU
		{6C22BF32-EBDB-4DF2-9381-5692FA391D42}.Debug|Any CPU.Build.0 = Debug|Any CPU
		{6C22BF32-EBDB-4DF2-9381-5692FA391D42}.Release|Any CPU.ActiveCfg = Release|Any CPU
		{6C22BF32-EBDB-4DF2-9381-5692FA391D42}.Release|Any CPU.Build.0 = Release|Any CPU
		{85542122-52BE-487B-BFD2-A29947DAECE1}.Debug|Any CPU.ActiveCfg = Debug|Any CPU
		{85542122-52BE-487B-BFD2-A29947DAECE1}.Debug|Any CPU.Build.0 = Debug|Any CPU
		{85542122-52BE-487B-BFD2-A29947DAECE1}.Release|Any CPU.ActiveCfg = Release|Any CPU
		{85542122-52BE-487B-BFD2-A29947DAECE1}.Release|Any CPU.Build.0 = Release|Any CPU
		{DB477451-14DB-48D6-A17C-ADD4F24EB72B}.Debug|Any CPU.ActiveCfg = Debug|Any CPU
		{DB477451-14DB-48D6-A17C-ADD4F24EB72B}.Debug|Any CPU.Build.0 = Debug|Any CPU
		{DB477451-14DB-48D6-A17C-ADD4F24EB72B}.Release|Any CPU.ActiveCfg = Release|Any CPU
		{DB477451-14DB-48D6-A17C-ADD4F24EB72B}.Release|Any CPU.Build.0 = Release|Any CPU
		{220E26A8-302A-42C1-9E52-8A7A146AE6D5}.Debug|Any CPU.ActiveCfg = Debug|Any CPU
		{220E26A8-302A-42C1-9E52-8A7A146AE6D5}.Debug|Any CPU.Build.0 = Debug|Any CPU
		{220E26A8-302A-42C1-9E52-8A7A146AE6D5}.Release|Any CPU.ActiveCfg = Release|Any CPU
		{220E26A8-302A-42C1-9E52-8A7A146AE6D5}.Release|Any CPU.Build.0 = Release|Any CPU
		{54EA060F-2A96-465C-A5A1-F48EB5CD3CE9}.Debug|Any CPU.ActiveCfg = Debug|Any CPU
		{54EA060F-2A96-465C-A5A1-F48EB5CD3CE9}.Debug|Any CPU.Build.0 = Debug|Any CPU
		{54EA060F-2A96-465C-A5A1-F48EB5CD3CE9}.Release|Any CPU.ActiveCfg = Release|Any CPU
		{54EA060F-2A96-465C-A5A1-F48EB5CD3CE9}.Release|Any CPU.Build.0 = Release|Any CPU
		{52D93016-0EA3-4B46-836E-BE55ED771C3B}.Debug|Any CPU.ActiveCfg = Debug|Any CPU
		{52D93016-0EA3-4B46-836E-BE55ED771C3B}.Debug|Any CPU.Build.0 = Debug|Any CPU
		{52D93016-0EA3-4B46-836E-BE55ED771C3B}.Release|Any CPU.ActiveCfg = Release|Any CPU
		{52D93016-0EA3-4B46-836E-BE55ED771C3B}.Release|Any CPU.Build.0 = Release|Any CPU
		{8D09D7F9-819F-4A77-A35F-38AFFA0AF00A}.Debug|Any CPU.ActiveCfg = Debug|Any CPU
		{8D09D7F9-819F-4A77-A35F-38AFFA0AF00A}.Debug|Any CPU.Build.0 = Debug|Any CPU
		{8D09D7F9-819F-4A77-A35F-38AFFA0AF00A}.Release|Any CPU.ActiveCfg = Release|Any CPU
		{8D09D7F9-819F-4A77-A35F-38AFFA0AF00A}.Release|Any CPU.Build.0 = Release|Any CPU
		{BBEE8F23-6D91-459D-82A8-314CD6E34547}.Debug|Any CPU.ActiveCfg = Debug|Any CPU
		{BBEE8F23-6D91-459D-82A8-314CD6E34547}.Debug|Any CPU.Build.0 = Debug|Any CPU
		{BBEE8F23-6D91-459D-82A8-314CD6E34547}.Release|Any CPU.ActiveCfg = Release|Any CPU
		{BBEE8F23-6D91-459D-82A8-314CD6E34547}.Release|Any CPU.Build.0 = Release|Any CPU
		{15684BDB-BAE4-40CA-A107-47A319789B2E}.Debug|Any CPU.ActiveCfg = Debug|Any CPU
		{15684BDB-BAE4-40CA-A107-47A319789B2E}.Debug|Any CPU.Build.0 = Debug|Any CPU
		{15684BDB-BAE4-40CA-A107-47A319789B2E}.Release|Any CPU.ActiveCfg = Release|Any CPU
		{15684BDB-BAE4-40CA-A107-47A319789B2E}.Release|Any CPU.Build.0 = Release|Any CPU
		{3B1195CD-3612-4507-B0E0-86CC760B65C4}.Debug|Any CPU.ActiveCfg = Debug|Any CPU
		{3B1195CD-3612-4507-B0E0-86CC760B65C4}.Debug|Any CPU.Build.0 = Debug|Any CPU
		{3B1195CD-3612-4507-B0E0-86CC760B65C4}.Release|Any CPU.ActiveCfg = Release|Any CPU
		{3B1195CD-3612-4507-B0E0-86CC760B65C4}.Release|Any CPU.Build.0 = Release|Any CPU
		{F4E6AEC6-C8FD-4295-8BA5-72E65C18E0B0}.Debug|Any CPU.ActiveCfg = Debug|Any CPU
		{F4E6AEC6-C8FD-4295-8BA5-72E65C18E0B0}.Debug|Any CPU.Build.0 = Debug|Any CPU
		{F4E6AEC6-C8FD-4295-8BA5-72E65C18E0B0}.Release|Any CPU.ActiveCfg = Release|Any CPU
		{F4E6AEC6-C8FD-4295-8BA5-72E65C18E0B0}.Release|Any CPU.Build.0 = Release|Any CPU
		{84A5D8A6-7095-4860-81DF-F8B0EAB59AFA}.Debug|Any CPU.ActiveCfg = Debug|Any CPU
		{84A5D8A6-7095-4860-81DF-F8B0EAB59AFA}.Debug|Any CPU.Build.0 = Debug|Any CPU
		{84A5D8A6-7095-4860-81DF-F8B0EAB59AFA}.Release|Any CPU.ActiveCfg = Release|Any CPU
		{84A5D8A6-7095-4860-81DF-F8B0EAB59AFA}.Release|Any CPU.Build.0 = Release|Any CPU
		{F992EF60-1596-445C-A5F1-9DCA6F9437DE}.Debug|Any CPU.ActiveCfg = Debug|Any CPU
		{F992EF60-1596-445C-A5F1-9DCA6F9437DE}.Debug|Any CPU.Build.0 = Debug|Any CPU
		{F992EF60-1596-445C-A5F1-9DCA6F9437DE}.Release|Any CPU.ActiveCfg = Release|Any CPU
		{F992EF60-1596-445C-A5F1-9DCA6F9437DE}.Release|Any CPU.Build.0 = Release|Any CPU
		{616F0BDC-3FFA-4E06-A6AC-C76339FA8D45}.Debug|Any CPU.ActiveCfg = Debug|Any CPU
		{616F0BDC-3FFA-4E06-A6AC-C76339FA8D45}.Debug|Any CPU.Build.0 = Debug|Any CPU
		{616F0BDC-3FFA-4E06-A6AC-C76339FA8D45}.Release|Any CPU.ActiveCfg = Release|Any CPU
		{616F0BDC-3FFA-4E06-A6AC-C76339FA8D45}.Release|Any CPU.Build.0 = Release|Any CPU
		{6DE2BC31-7D99-4D62-A8C6-6A039CA885CD}.Debug|Any CPU.ActiveCfg = Debug|Any CPU
		{6DE2BC31-7D99-4D62-A8C6-6A039CA885CD}.Debug|Any CPU.Build.0 = Debug|Any CPU
		{6DE2BC31-7D99-4D62-A8C6-6A039CA885CD}.Release|Any CPU.ActiveCfg = Release|Any CPU
		{6DE2BC31-7D99-4D62-A8C6-6A039CA885CD}.Release|Any CPU.Build.0 = Release|Any CPU
		{2546A402-4FA5-4C0C-9094-BFF6F63C7CCD}.Debug|Any CPU.ActiveCfg = Debug|Any CPU
		{2546A402-4FA5-4C0C-9094-BFF6F63C7CCD}.Debug|Any CPU.Build.0 = Debug|Any CPU
		{2546A402-4FA5-4C0C-9094-BFF6F63C7CCD}.Release|Any CPU.ActiveCfg = Release|Any CPU
		{2546A402-4FA5-4C0C-9094-BFF6F63C7CCD}.Release|Any CPU.Build.0 = Release|Any CPU
		{E01F1B42-2638-4DBC-9FE2-3C83D7C9A362}.Debug|Any CPU.ActiveCfg = Debug|Any CPU
		{E01F1B42-2638-4DBC-9FE2-3C83D7C9A362}.Debug|Any CPU.Build.0 = Debug|Any CPU
		{E01F1B42-2638-4DBC-9FE2-3C83D7C9A362}.Release|Any CPU.ActiveCfg = Release|Any CPU
		{E01F1B42-2638-4DBC-9FE2-3C83D7C9A362}.Release|Any CPU.Build.0 = Release|Any CPU
		{52477ECB-5E70-49AB-97FC-B9F296B0F124}.Debug|Any CPU.ActiveCfg = Debug|Any CPU
		{52477ECB-5E70-49AB-97FC-B9F296B0F124}.Debug|Any CPU.Build.0 = Debug|Any CPU
		{52477ECB-5E70-49AB-97FC-B9F296B0F124}.Release|Any CPU.ActiveCfg = Release|Any CPU
		{52477ECB-5E70-49AB-97FC-B9F296B0F124}.Release|Any CPU.Build.0 = Release|Any CPU
		{AEC0893C-1421-4635-AD6B-EA33A56AC289}.Debug|Any CPU.ActiveCfg = Debug|Any CPU
		{AEC0893C-1421-4635-AD6B-EA33A56AC289}.Debug|Any CPU.Build.0 = Debug|Any CPU
		{AEC0893C-1421-4635-AD6B-EA33A56AC289}.Release|Any CPU.ActiveCfg = Release|Any CPU
		{AEC0893C-1421-4635-AD6B-EA33A56AC289}.Release|Any CPU.Build.0 = Release|Any CPU
		{9A063567-3B96-4691-942E-A96962BD593E}.Debug|Any CPU.ActiveCfg = Debug|Any CPU
		{9A063567-3B96-4691-942E-A96962BD593E}.Debug|Any CPU.Build.0 = Debug|Any CPU
		{9A063567-3B96-4691-942E-A96962BD593E}.Release|Any CPU.ActiveCfg = Release|Any CPU
		{9A063567-3B96-4691-942E-A96962BD593E}.Release|Any CPU.Build.0 = Release|Any CPU
		{E76E2D64-0FB6-43D9-94AD-8C9B01723CF2}.Debug|Any CPU.ActiveCfg = Debug|Any CPU
		{E76E2D64-0FB6-43D9-94AD-8C9B01723CF2}.Debug|Any CPU.Build.0 = Debug|Any CPU
		{E76E2D64-0FB6-43D9-94AD-8C9B01723CF2}.Release|Any CPU.ActiveCfg = Release|Any CPU
		{E76E2D64-0FB6-43D9-94AD-8C9B01723CF2}.Release|Any CPU.Build.0 = Release|Any CPU
		{5B2A6F74-0744-46AE-AE53-727BC57B3E97}.Debug|Any CPU.ActiveCfg = Debug|Any CPU
		{5B2A6F74-0744-46AE-AE53-727BC57B3E97}.Debug|Any CPU.Build.0 = Debug|Any CPU
		{5B2A6F74-0744-46AE-AE53-727BC57B3E97}.Release|Any CPU.ActiveCfg = Release|Any CPU
		{5B2A6F74-0744-46AE-AE53-727BC57B3E97}.Release|Any CPU.Build.0 = Release|Any CPU
		{5AFDF354-D785-4FEB-B7D8-1349B13500D3}.Debug|Any CPU.ActiveCfg = Debug|Any CPU
		{5AFDF354-D785-4FEB-B7D8-1349B13500D3}.Debug|Any CPU.Build.0 = Debug|Any CPU
		{5AFDF354-D785-4FEB-B7D8-1349B13500D3}.Release|Any CPU.ActiveCfg = Release|Any CPU
		{5AFDF354-D785-4FEB-B7D8-1349B13500D3}.Release|Any CPU.Build.0 = Release|Any CPU
		{57CD4029-B878-4EB2-9778-A0492269ABE0}.Debug|Any CPU.ActiveCfg = Debug|Any CPU
		{57CD4029-B878-4EB2-9778-A0492269ABE0}.Debug|Any CPU.Build.0 = Debug|Any CPU
		{57CD4029-B878-4EB2-9778-A0492269ABE0}.Release|Any CPU.ActiveCfg = Release|Any CPU
		{57CD4029-B878-4EB2-9778-A0492269ABE0}.Release|Any CPU.Build.0 = Release|Any CPU
		{B0C6180A-52B2-49FB-A0B3-C2761CB805DE}.Debug|Any CPU.ActiveCfg = Debug|Any CPU
		{B0C6180A-52B2-49FB-A0B3-C2761CB805DE}.Debug|Any CPU.Build.0 = Debug|Any CPU
		{B0C6180A-52B2-49FB-A0B3-C2761CB805DE}.Release|Any CPU.ActiveCfg = Release|Any CPU
		{B0C6180A-52B2-49FB-A0B3-C2761CB805DE}.Release|Any CPU.Build.0 = Release|Any CPU
		{F57DE710-434C-489F-A0C5-FE702CED2F93}.Debug|Any CPU.ActiveCfg = Debug|Any CPU
		{F57DE710-434C-489F-A0C5-FE702CED2F93}.Debug|Any CPU.Build.0 = Debug|Any CPU
		{F57DE710-434C-489F-A0C5-FE702CED2F93}.Release|Any CPU.ActiveCfg = Release|Any CPU
		{F57DE710-434C-489F-A0C5-FE702CED2F93}.Release|Any CPU.Build.0 = Release|Any CPU
		{51BBB9EE-DF25-4259-96B0-D1CB98766891}.Debug|Any CPU.ActiveCfg = Debug|Any CPU
		{51BBB9EE-DF25-4259-96B0-D1CB98766891}.Debug|Any CPU.Build.0 = Debug|Any CPU
		{51BBB9EE-DF25-4259-96B0-D1CB98766891}.Release|Any CPU.ActiveCfg = Release|Any CPU
		{51BBB9EE-DF25-4259-96B0-D1CB98766891}.Release|Any CPU.Build.0 = Release|Any CPU
		{83DA074B-BA66-4BB9-97FE-6DFB9F1C6274}.Debug|Any CPU.ActiveCfg = Debug|Any CPU
		{83DA074B-BA66-4BB9-97FE-6DFB9F1C6274}.Debug|Any CPU.Build.0 = Debug|Any CPU
		{83DA074B-BA66-4BB9-97FE-6DFB9F1C6274}.Release|Any CPU.ActiveCfg = Release|Any CPU
		{83DA074B-BA66-4BB9-97FE-6DFB9F1C6274}.Release|Any CPU.Build.0 = Release|Any CPU
		{3E8FA985-0CD9-449D-89FF-CA27647338D7}.Debug|Any CPU.ActiveCfg = Debug|Any CPU
		{3E8FA985-0CD9-449D-89FF-CA27647338D7}.Debug|Any CPU.Build.0 = Debug|Any CPU
		{3E8FA985-0CD9-449D-89FF-CA27647338D7}.Release|Any CPU.ActiveCfg = Release|Any CPU
		{3E8FA985-0CD9-449D-89FF-CA27647338D7}.Release|Any CPU.Build.0 = Release|Any CPU
		{2131553C-83FC-44E0-B40F-974047E3CAFC}.Debug|Any CPU.ActiveCfg = Debug|Any CPU
		{2131553C-83FC-44E0-B40F-974047E3CAFC}.Debug|Any CPU.Build.0 = Debug|Any CPU
		{2131553C-83FC-44E0-B40F-974047E3CAFC}.Release|Any CPU.ActiveCfg = Release|Any CPU
		{2131553C-83FC-44E0-B40F-974047E3CAFC}.Release|Any CPU.Build.0 = Release|Any CPU
		{545B1472-D097-4409-B8D5-3FC511E513EC}.Debug|Any CPU.ActiveCfg = Debug|Any CPU
		{545B1472-D097-4409-B8D5-3FC511E513EC}.Debug|Any CPU.Build.0 = Debug|Any CPU
		{545B1472-D097-4409-B8D5-3FC511E513EC}.Release|Any CPU.ActiveCfg = Release|Any CPU
		{545B1472-D097-4409-B8D5-3FC511E513EC}.Release|Any CPU.Build.0 = Release|Any CPU
		{517B7A48-8AB3-484C-AF04-A941B33B8B28}.Debug|Any CPU.ActiveCfg = Debug|Any CPU
		{517B7A48-8AB3-484C-AF04-A941B33B8B28}.Debug|Any CPU.Build.0 = Debug|Any CPU
		{517B7A48-8AB3-484C-AF04-A941B33B8B28}.Release|Any CPU.ActiveCfg = Release|Any CPU
		{517B7A48-8AB3-484C-AF04-A941B33B8B28}.Release|Any CPU.Build.0 = Release|Any CPU
		{EA60E104-8A23-412D-A24C-B18FDD13AA86}.Debug|Any CPU.ActiveCfg = Debug|Any CPU
		{EA60E104-8A23-412D-A24C-B18FDD13AA86}.Debug|Any CPU.Build.0 = Debug|Any CPU
		{EA60E104-8A23-412D-A24C-B18FDD13AA86}.Release|Any CPU.ActiveCfg = Release|Any CPU
		{EA60E104-8A23-412D-A24C-B18FDD13AA86}.Release|Any CPU.Build.0 = Release|Any CPU
		{E3BC9E8A-CC53-4CC4-8D3A-815DCCC14397}.Debug|Any CPU.ActiveCfg = Debug|Any CPU
		{E3BC9E8A-CC53-4CC4-8D3A-815DCCC14397}.Debug|Any CPU.Build.0 = Debug|Any CPU
		{E3BC9E8A-CC53-4CC4-8D3A-815DCCC14397}.Release|Any CPU.ActiveCfg = Release|Any CPU
		{E3BC9E8A-CC53-4CC4-8D3A-815DCCC14397}.Release|Any CPU.Build.0 = Release|Any CPU
		{CCF56EFC-94AD-47DC-849B-B20EB396AB90}.Debug|Any CPU.ActiveCfg = Debug|Any CPU
		{CCF56EFC-94AD-47DC-849B-B20EB396AB90}.Debug|Any CPU.Build.0 = Debug|Any CPU
		{CCF56EFC-94AD-47DC-849B-B20EB396AB90}.Release|Any CPU.ActiveCfg = Release|Any CPU
		{CCF56EFC-94AD-47DC-849B-B20EB396AB90}.Release|Any CPU.Build.0 = Release|Any CPU
		{62C94260-82A4-4177-AB19-000467F7CBA2}.Debug|Any CPU.ActiveCfg = Debug|Any CPU
		{62C94260-82A4-4177-AB19-000467F7CBA2}.Debug|Any CPU.Build.0 = Debug|Any CPU
		{62C94260-82A4-4177-AB19-000467F7CBA2}.Release|Any CPU.ActiveCfg = Release|Any CPU
		{62C94260-82A4-4177-AB19-000467F7CBA2}.Release|Any CPU.Build.0 = Release|Any CPU
		{14124704-234E-4A8D-96AF-67FBAF2991D9}.Debug|Any CPU.ActiveCfg = Debug|Any CPU
		{14124704-234E-4A8D-96AF-67FBAF2991D9}.Debug|Any CPU.Build.0 = Debug|Any CPU
		{14124704-234E-4A8D-96AF-67FBAF2991D9}.Release|Any CPU.ActiveCfg = Release|Any CPU
		{14124704-234E-4A8D-96AF-67FBAF2991D9}.Release|Any CPU.Build.0 = Release|Any CPU
		{943A2200-AB79-4DC9-9C2C-F78FC9CA022D}.Debug|Any CPU.ActiveCfg = Debug|Any CPU
		{943A2200-AB79-4DC9-9C2C-F78FC9CA022D}.Debug|Any CPU.Build.0 = Debug|Any CPU
		{943A2200-AB79-4DC9-9C2C-F78FC9CA022D}.Release|Any CPU.ActiveCfg = Release|Any CPU
		{943A2200-AB79-4DC9-9C2C-F78FC9CA022D}.Release|Any CPU.Build.0 = Release|Any CPU
		{0DA5EE50-897E-4631-81EE-CF3F6DAF3A56}.Debug|Any CPU.ActiveCfg = Debug|Any CPU
		{0DA5EE50-897E-4631-81EE-CF3F6DAF3A56}.Debug|Any CPU.Build.0 = Debug|Any CPU
		{0DA5EE50-897E-4631-81EE-CF3F6DAF3A56}.Release|Any CPU.ActiveCfg = Release|Any CPU
		{0DA5EE50-897E-4631-81EE-CF3F6DAF3A56}.Release|Any CPU.Build.0 = Release|Any CPU
		{D47B1EF2-5405-40D9-9947-F7E053BC2793}.Debug|Any CPU.ActiveCfg = Debug|Any CPU
		{D47B1EF2-5405-40D9-9947-F7E053BC2793}.Debug|Any CPU.Build.0 = Debug|Any CPU
		{D47B1EF2-5405-40D9-9947-F7E053BC2793}.Release|Any CPU.ActiveCfg = Release|Any CPU
		{D47B1EF2-5405-40D9-9947-F7E053BC2793}.Release|Any CPU.Build.0 = Release|Any CPU
		{92642D77-035F-4748-BD26-890BFFFDE432}.Debug|Any CPU.ActiveCfg = Debug|Any CPU
		{92642D77-035F-4748-BD26-890BFFFDE432}.Debug|Any CPU.Build.0 = Debug|Any CPU
		{92642D77-035F-4748-BD26-890BFFFDE432}.Release|Any CPU.ActiveCfg = Release|Any CPU
		{92642D77-035F-4748-BD26-890BFFFDE432}.Release|Any CPU.Build.0 = Release|Any CPU
		{E17057D6-3928-44ED-8B6B-656696D7F17A}.Debug|Any CPU.ActiveCfg = Debug|Any CPU
		{E17057D6-3928-44ED-8B6B-656696D7F17A}.Debug|Any CPU.Build.0 = Debug|Any CPU
		{E17057D6-3928-44ED-8B6B-656696D7F17A}.Release|Any CPU.ActiveCfg = Release|Any CPU
		{E17057D6-3928-44ED-8B6B-656696D7F17A}.Release|Any CPU.Build.0 = Release|Any CPU
		{007DCB15-E5A4-403C-ABED-786C37242A00}.Debug|Any CPU.ActiveCfg = Debug|Any CPU
		{007DCB15-E5A4-403C-ABED-786C37242A00}.Debug|Any CPU.Build.0 = Debug|Any CPU
		{007DCB15-E5A4-403C-ABED-786C37242A00}.Release|Any CPU.ActiveCfg = Release|Any CPU
		{007DCB15-E5A4-403C-ABED-786C37242A00}.Release|Any CPU.Build.0 = Release|Any CPU
		{CAFBA726-D2C4-42FB-827D-3D13D04B704E}.Debug|Any CPU.ActiveCfg = Debug|Any CPU
		{CAFBA726-D2C4-42FB-827D-3D13D04B704E}.Debug|Any CPU.Build.0 = Debug|Any CPU
		{CAFBA726-D2C4-42FB-827D-3D13D04B704E}.Release|Any CPU.ActiveCfg = Release|Any CPU
		{CAFBA726-D2C4-42FB-827D-3D13D04B704E}.Release|Any CPU.Build.0 = Release|Any CPU
		{097C9D22-9DA5-4CB4-99AE-3BBDA5945009}.Debug|Any CPU.ActiveCfg = Debug|Any CPU
		{097C9D22-9DA5-4CB4-99AE-3BBDA5945009}.Debug|Any CPU.Build.0 = Debug|Any CPU
		{097C9D22-9DA5-4CB4-99AE-3BBDA5945009}.Release|Any CPU.ActiveCfg = Release|Any CPU
		{097C9D22-9DA5-4CB4-99AE-3BBDA5945009}.Release|Any CPU.Build.0 = Release|Any CPU
		{639E4047-0528-4EA9-A8F8-36B46FF984C5}.Debug|Any CPU.ActiveCfg = Debug|Any CPU
		{639E4047-0528-4EA9-A8F8-36B46FF984C5}.Debug|Any CPU.Build.0 = Debug|Any CPU
		{639E4047-0528-4EA9-A8F8-36B46FF984C5}.Release|Any CPU.ActiveCfg = Release|Any CPU
		{639E4047-0528-4EA9-A8F8-36B46FF984C5}.Release|Any CPU.Build.0 = Release|Any CPU
		{A78882C9-2B14-453B-B9DB-5FAF9F6020A9}.Debug|Any CPU.ActiveCfg = Debug|Any CPU
		{A78882C9-2B14-453B-B9DB-5FAF9F6020A9}.Debug|Any CPU.Build.0 = Debug|Any CPU
		{A78882C9-2B14-453B-B9DB-5FAF9F6020A9}.Release|Any CPU.ActiveCfg = Release|Any CPU
		{A78882C9-2B14-453B-B9DB-5FAF9F6020A9}.Release|Any CPU.Build.0 = Release|Any CPU
		{3270A746-3CE5-4FED-BFD7-ED8D38130471}.Debug|Any CPU.ActiveCfg = Debug|Any CPU
		{3270A746-3CE5-4FED-BFD7-ED8D38130471}.Debug|Any CPU.Build.0 = Debug|Any CPU
		{3270A746-3CE5-4FED-BFD7-ED8D38130471}.Release|Any CPU.ActiveCfg = Release|Any CPU
		{3270A746-3CE5-4FED-BFD7-ED8D38130471}.Release|Any CPU.Build.0 = Release|Any CPU
		{627041B3-DEC3-4F76-9BB4-D5364B5BC2F5}.Debug|Any CPU.ActiveCfg = Debug|Any CPU
		{627041B3-DEC3-4F76-9BB4-D5364B5BC2F5}.Debug|Any CPU.Build.0 = Debug|Any CPU
		{627041B3-DEC3-4F76-9BB4-D5364B5BC2F5}.Release|Any CPU.ActiveCfg = Release|Any CPU
		{627041B3-DEC3-4F76-9BB4-D5364B5BC2F5}.Release|Any CPU.Build.0 = Release|Any CPU
		{FBE84CAE-274A-4725-8DD1-BE64C925CF52}.Debug|Any CPU.ActiveCfg = Debug|Any CPU
		{FBE84CAE-274A-4725-8DD1-BE64C925CF52}.Debug|Any CPU.Build.0 = Debug|Any CPU
		{FBE84CAE-274A-4725-8DD1-BE64C925CF52}.Release|Any CPU.ActiveCfg = Release|Any CPU
		{FBE84CAE-274A-4725-8DD1-BE64C925CF52}.Release|Any CPU.Build.0 = Release|Any CPU
		{2307DE0C-7D8D-4BEA-AD4B-DB59F9E9759C}.Debug|Any CPU.ActiveCfg = Debug|Any CPU
		{2307DE0C-7D8D-4BEA-AD4B-DB59F9E9759C}.Debug|Any CPU.Build.0 = Debug|Any CPU
		{2307DE0C-7D8D-4BEA-AD4B-DB59F9E9759C}.Release|Any CPU.ActiveCfg = Release|Any CPU
		{2307DE0C-7D8D-4BEA-AD4B-DB59F9E9759C}.Release|Any CPU.Build.0 = Release|Any CPU
		{E78CF834-1D4A-482C-B14C-1599F16CEA21}.Debug|Any CPU.ActiveCfg = Debug|Any CPU
		{E78CF834-1D4A-482C-B14C-1599F16CEA21}.Debug|Any CPU.Build.0 = Debug|Any CPU
		{E78CF834-1D4A-482C-B14C-1599F16CEA21}.Release|Any CPU.ActiveCfg = Release|Any CPU
		{E78CF834-1D4A-482C-B14C-1599F16CEA21}.Release|Any CPU.Build.0 = Release|Any CPU
		{E73D2CBD-E562-41AF-84F8-9A89175C5C8A}.Debug|Any CPU.ActiveCfg = Debug|Any CPU
		{E73D2CBD-E562-41AF-84F8-9A89175C5C8A}.Debug|Any CPU.Build.0 = Debug|Any CPU
		{E73D2CBD-E562-41AF-84F8-9A89175C5C8A}.Release|Any CPU.ActiveCfg = Release|Any CPU
		{E73D2CBD-E562-41AF-84F8-9A89175C5C8A}.Release|Any CPU.Build.0 = Release|Any CPU
		{0F2E0F54-2561-48B6-B8D9-383E948E39C9}.Debug|Any CPU.ActiveCfg = Debug|Any CPU
		{0F2E0F54-2561-48B6-B8D9-383E948E39C9}.Debug|Any CPU.Build.0 = Debug|Any CPU
		{0F2E0F54-2561-48B6-B8D9-383E948E39C9}.Release|Any CPU.ActiveCfg = Release|Any CPU
		{0F2E0F54-2561-48B6-B8D9-383E948E39C9}.Release|Any CPU.Build.0 = Release|Any CPU
		{CA962B0B-6D5B-4991-8426-18DE3073EC45}.Debug|Any CPU.ActiveCfg = Debug|Any CPU
		{CA962B0B-6D5B-4991-8426-18DE3073EC45}.Debug|Any CPU.Build.0 = Debug|Any CPU
		{CA962B0B-6D5B-4991-8426-18DE3073EC45}.Release|Any CPU.ActiveCfg = Release|Any CPU
		{CA962B0B-6D5B-4991-8426-18DE3073EC45}.Release|Any CPU.Build.0 = Release|Any CPU
		{7C1ABB62-77AD-4484-AC5C-2A67818686A9}.Debug|Any CPU.ActiveCfg = Debug|Any CPU
		{7C1ABB62-77AD-4484-AC5C-2A67818686A9}.Debug|Any CPU.Build.0 = Debug|Any CPU
		{7C1ABB62-77AD-4484-AC5C-2A67818686A9}.Release|Any CPU.ActiveCfg = Release|Any CPU
		{7C1ABB62-77AD-4484-AC5C-2A67818686A9}.Release|Any CPU.Build.0 = Release|Any CPU
		{434845E8-5C55-48B6-A838-DC94742B8C93}.Debug|Any CPU.ActiveCfg = Debug|Any CPU
		{434845E8-5C55-48B6-A838-DC94742B8C93}.Debug|Any CPU.Build.0 = Debug|Any CPU
		{434845E8-5C55-48B6-A838-DC94742B8C93}.Release|Any CPU.ActiveCfg = Release|Any CPU
		{434845E8-5C55-48B6-A838-DC94742B8C93}.Release|Any CPU.Build.0 = Release|Any CPU
		{0CBC2D62-9400-4490-9F79-35DA5C6B85D9}.Debug|Any CPU.ActiveCfg = Debug|Any CPU
		{0CBC2D62-9400-4490-9F79-35DA5C6B85D9}.Debug|Any CPU.Build.0 = Debug|Any CPU
		{0CBC2D62-9400-4490-9F79-35DA5C6B85D9}.Release|Any CPU.ActiveCfg = Release|Any CPU
		{0CBC2D62-9400-4490-9F79-35DA5C6B85D9}.Release|Any CPU.Build.0 = Release|Any CPU
		{FC446ECE-B974-40D5-BDD8-4A2DDF18CDE4}.Debug|Any CPU.ActiveCfg = Debug|Any CPU
		{FC446ECE-B974-40D5-BDD8-4A2DDF18CDE4}.Debug|Any CPU.Build.0 = Debug|Any CPU
		{FC446ECE-B974-40D5-BDD8-4A2DDF18CDE4}.Release|Any CPU.ActiveCfg = Release|Any CPU
		{FC446ECE-B974-40D5-BDD8-4A2DDF18CDE4}.Release|Any CPU.Build.0 = Release|Any CPU
		{C5D4267A-6840-4302-86FC-ACE8F33F8385}.Debug|Any CPU.ActiveCfg = Debug|Any CPU
		{C5D4267A-6840-4302-86FC-ACE8F33F8385}.Debug|Any CPU.Build.0 = Debug|Any CPU
		{C5D4267A-6840-4302-86FC-ACE8F33F8385}.Release|Any CPU.ActiveCfg = Release|Any CPU
		{C5D4267A-6840-4302-86FC-ACE8F33F8385}.Release|Any CPU.Build.0 = Release|Any CPU
		{80E8AA06-BE89-47B8-A9D3-9EE2BAD02397}.Debug|Any CPU.ActiveCfg = Debug|Any CPU
		{80E8AA06-BE89-47B8-A9D3-9EE2BAD02397}.Debug|Any CPU.Build.0 = Debug|Any CPU
		{80E8AA06-BE89-47B8-A9D3-9EE2BAD02397}.Release|Any CPU.ActiveCfg = Release|Any CPU
		{80E8AA06-BE89-47B8-A9D3-9EE2BAD02397}.Release|Any CPU.Build.0 = Release|Any CPU
		{D15C451E-A42E-49DB-8F33-19B6263D0C26}.Debug|Any CPU.ActiveCfg = Debug|Any CPU
		{D15C451E-A42E-49DB-8F33-19B6263D0C26}.Debug|Any CPU.Build.0 = Debug|Any CPU
		{D15C451E-A42E-49DB-8F33-19B6263D0C26}.Release|Any CPU.ActiveCfg = Release|Any CPU
		{D15C451E-A42E-49DB-8F33-19B6263D0C26}.Release|Any CPU.Build.0 = Release|Any CPU
		{312A4434-00AC-4004-9E5C-2340D7C3DCA2}.Debug|Any CPU.ActiveCfg = Debug|Any CPU
		{312A4434-00AC-4004-9E5C-2340D7C3DCA2}.Debug|Any CPU.Build.0 = Debug|Any CPU
		{312A4434-00AC-4004-9E5C-2340D7C3DCA2}.Release|Any CPU.ActiveCfg = Release|Any CPU
		{312A4434-00AC-4004-9E5C-2340D7C3DCA2}.Release|Any CPU.Build.0 = Release|Any CPU
		{C3F48FE7-D574-4B57-889A-2C482D47980B}.Debug|Any CPU.ActiveCfg = Debug|Any CPU
		{C3F48FE7-D574-4B57-889A-2C482D47980B}.Debug|Any CPU.Build.0 = Debug|Any CPU
		{C3F48FE7-D574-4B57-889A-2C482D47980B}.Release|Any CPU.ActiveCfg = Release|Any CPU
		{C3F48FE7-D574-4B57-889A-2C482D47980B}.Release|Any CPU.Build.0 = Release|Any CPU
		{5D8CFBD2-CF74-403F-8987-3786E316081A}.Debug|Any CPU.ActiveCfg = Debug|Any CPU
		{5D8CFBD2-CF74-403F-8987-3786E316081A}.Debug|Any CPU.Build.0 = Debug|Any CPU
		{5D8CFBD2-CF74-403F-8987-3786E316081A}.Release|Any CPU.ActiveCfg = Release|Any CPU
		{5D8CFBD2-CF74-403F-8987-3786E316081A}.Release|Any CPU.Build.0 = Release|Any CPU
		{3208088B-E20D-496C-91B9-6714DAE6E827}.Debug|Any CPU.ActiveCfg = Debug|Any CPU
		{3208088B-E20D-496C-91B9-6714DAE6E827}.Debug|Any CPU.Build.0 = Debug|Any CPU
		{3208088B-E20D-496C-91B9-6714DAE6E827}.Release|Any CPU.ActiveCfg = Release|Any CPU
		{3208088B-E20D-496C-91B9-6714DAE6E827}.Release|Any CPU.Build.0 = Release|Any CPU
		{FA848A43-CA30-4018-AF93-8ECB69742415}.Debug|Any CPU.ActiveCfg = Debug|Any CPU
		{FA848A43-CA30-4018-AF93-8ECB69742415}.Debug|Any CPU.Build.0 = Debug|Any CPU
		{FA848A43-CA30-4018-AF93-8ECB69742415}.Release|Any CPU.ActiveCfg = Release|Any CPU
		{FA848A43-CA30-4018-AF93-8ECB69742415}.Release|Any CPU.Build.0 = Release|Any CPU
		{B5008A2A-E94A-4175-B119-3106DF225C63}.Debug|Any CPU.ActiveCfg = Debug|Any CPU
		{B5008A2A-E94A-4175-B119-3106DF225C63}.Debug|Any CPU.Build.0 = Debug|Any CPU
		{B5008A2A-E94A-4175-B119-3106DF225C63}.Release|Any CPU.ActiveCfg = Release|Any CPU
		{B5008A2A-E94A-4175-B119-3106DF225C63}.Release|Any CPU.Build.0 = Release|Any CPU
		{EB616A01-41D9-4417-A033-2C0E162B19BE}.Debug|Any CPU.ActiveCfg = Debug|Any CPU
		{EB616A01-41D9-4417-A033-2C0E162B19BE}.Debug|Any CPU.Build.0 = Debug|Any CPU
		{EB616A01-41D9-4417-A033-2C0E162B19BE}.Release|Any CPU.ActiveCfg = Release|Any CPU
		{EB616A01-41D9-4417-A033-2C0E162B19BE}.Release|Any CPU.Build.0 = Release|Any CPU
		{761A2ADB-C514-46D5-814A-1D1438DA912F}.Debug|Any CPU.ActiveCfg = Debug|Any CPU
		{761A2ADB-C514-46D5-814A-1D1438DA912F}.Debug|Any CPU.Build.0 = Debug|Any CPU
		{761A2ADB-C514-46D5-814A-1D1438DA912F}.Release|Any CPU.ActiveCfg = Release|Any CPU
		{761A2ADB-C514-46D5-814A-1D1438DA912F}.Release|Any CPU.Build.0 = Release|Any CPU
		{D1FF8862-8B02-4B88-A9A4-33E4B440E94D}.Debug|Any CPU.ActiveCfg = Debug|Any CPU
		{D1FF8862-8B02-4B88-A9A4-33E4B440E94D}.Debug|Any CPU.Build.0 = Debug|Any CPU
		{D1FF8862-8B02-4B88-A9A4-33E4B440E94D}.Release|Any CPU.ActiveCfg = Release|Any CPU
		{D1FF8862-8B02-4B88-A9A4-33E4B440E94D}.Release|Any CPU.Build.0 = Release|Any CPU
		{68594E67-C670-46AD-AFDE-0E9D6E7914A3}.Debug|Any CPU.ActiveCfg = Debug|Any CPU
		{68594E67-C670-46AD-AFDE-0E9D6E7914A3}.Debug|Any CPU.Build.0 = Debug|Any CPU
		{68594E67-C670-46AD-AFDE-0E9D6E7914A3}.Release|Any CPU.ActiveCfg = Release|Any CPU
		{68594E67-C670-46AD-AFDE-0E9D6E7914A3}.Release|Any CPU.Build.0 = Release|Any CPU
		{CF2E9D9E-DDA0-4F62-B2B2-8102E7C35C95}.Debug|Any CPU.ActiveCfg = Debug|Any CPU
		{CF2E9D9E-DDA0-4F62-B2B2-8102E7C35C95}.Debug|Any CPU.Build.0 = Debug|Any CPU
		{CF2E9D9E-DDA0-4F62-B2B2-8102E7C35C95}.Release|Any CPU.ActiveCfg = Release|Any CPU
		{CF2E9D9E-DDA0-4F62-B2B2-8102E7C35C95}.Release|Any CPU.Build.0 = Release|Any CPU
		{4DA63084-58C1-4BF2-844D-A7CB9314C024}.Debug|Any CPU.ActiveCfg = Debug|Any CPU
		{4DA63084-58C1-4BF2-844D-A7CB9314C024}.Debug|Any CPU.Build.0 = Debug|Any CPU
		{4DA63084-58C1-4BF2-844D-A7CB9314C024}.Release|Any CPU.ActiveCfg = Release|Any CPU
		{4DA63084-58C1-4BF2-844D-A7CB9314C024}.Release|Any CPU.Build.0 = Release|Any CPU
		{08BD36B6-9A49-4D44-8ACC-08132631D16A}.Debug|Any CPU.ActiveCfg = Debug|Any CPU
		{08BD36B6-9A49-4D44-8ACC-08132631D16A}.Debug|Any CPU.Build.0 = Debug|Any CPU
		{08BD36B6-9A49-4D44-8ACC-08132631D16A}.Release|Any CPU.ActiveCfg = Release|Any CPU
		{08BD36B6-9A49-4D44-8ACC-08132631D16A}.Release|Any CPU.Build.0 = Release|Any CPU
		{C3225794-25C6-410E-8310-D72A836E17EA}.Debug|Any CPU.ActiveCfg = Debug|Any CPU
		{C3225794-25C6-410E-8310-D72A836E17EA}.Debug|Any CPU.Build.0 = Debug|Any CPU
		{C3225794-25C6-410E-8310-D72A836E17EA}.Release|Any CPU.ActiveCfg = Release|Any CPU
		{C3225794-25C6-410E-8310-D72A836E17EA}.Release|Any CPU.Build.0 = Release|Any CPU
		{EDB5BE70-1B31-4039-AC0A-4328E2C7DC9B}.Debug|Any CPU.ActiveCfg = Debug|Any CPU
		{EDB5BE70-1B31-4039-AC0A-4328E2C7DC9B}.Debug|Any CPU.Build.0 = Debug|Any CPU
		{EDB5BE70-1B31-4039-AC0A-4328E2C7DC9B}.Release|Any CPU.ActiveCfg = Release|Any CPU
		{EDB5BE70-1B31-4039-AC0A-4328E2C7DC9B}.Release|Any CPU.Build.0 = Release|Any CPU
		{2965CAEE-004E-4FE1-8561-FAEAFE10EE4C}.Debug|Any CPU.ActiveCfg = Debug|Any CPU
		{2965CAEE-004E-4FE1-8561-FAEAFE10EE4C}.Debug|Any CPU.Build.0 = Debug|Any CPU
		{2965CAEE-004E-4FE1-8561-FAEAFE10EE4C}.Release|Any CPU.ActiveCfg = Release|Any CPU
		{2965CAEE-004E-4FE1-8561-FAEAFE10EE4C}.Release|Any CPU.Build.0 = Release|Any CPU
		{F1E39A52-DD0D-4D46-9161-DB52BDE605D7}.Debug|Any CPU.ActiveCfg = Debug|Any CPU
		{F1E39A52-DD0D-4D46-9161-DB52BDE605D7}.Debug|Any CPU.Build.0 = Debug|Any CPU
		{F1E39A52-DD0D-4D46-9161-DB52BDE605D7}.Release|Any CPU.ActiveCfg = Release|Any CPU
		{F1E39A52-DD0D-4D46-9161-DB52BDE605D7}.Release|Any CPU.Build.0 = Release|Any CPU
		{BE0821D2-2488-4576-8881-56AA2C9051CF}.Debug|Any CPU.ActiveCfg = Debug|Any CPU
		{BE0821D2-2488-4576-8881-56AA2C9051CF}.Debug|Any CPU.Build.0 = Debug|Any CPU
		{BE0821D2-2488-4576-8881-56AA2C9051CF}.Release|Any CPU.ActiveCfg = Release|Any CPU
		{BE0821D2-2488-4576-8881-56AA2C9051CF}.Release|Any CPU.Build.0 = Release|Any CPU
		{D88291AE-7F34-4CDC-A2B8-B6566A3ACF1B}.Debug|Any CPU.ActiveCfg = Debug|Any CPU
		{D88291AE-7F34-4CDC-A2B8-B6566A3ACF1B}.Debug|Any CPU.Build.0 = Debug|Any CPU
		{D88291AE-7F34-4CDC-A2B8-B6566A3ACF1B}.Release|Any CPU.ActiveCfg = Release|Any CPU
		{D88291AE-7F34-4CDC-A2B8-B6566A3ACF1B}.Release|Any CPU.Build.0 = Release|Any CPU
		{5B8DE24D-4C02-4B9E-ADC6-C579657DF637}.Debug|Any CPU.ActiveCfg = Debug|Any CPU
		{5B8DE24D-4C02-4B9E-ADC6-C579657DF637}.Debug|Any CPU.Build.0 = Debug|Any CPU
		{5B8DE24D-4C02-4B9E-ADC6-C579657DF637}.Release|Any CPU.ActiveCfg = Release|Any CPU
		{5B8DE24D-4C02-4B9E-ADC6-C579657DF637}.Release|Any CPU.Build.0 = Release|Any CPU
		{23E495B0-9464-4DF6-8DC2-19E1BDB37E1A}.Debug|Any CPU.ActiveCfg = Debug|Any CPU
		{23E495B0-9464-4DF6-8DC2-19E1BDB37E1A}.Debug|Any CPU.Build.0 = Debug|Any CPU
		{23E495B0-9464-4DF6-8DC2-19E1BDB37E1A}.Release|Any CPU.ActiveCfg = Release|Any CPU
		{23E495B0-9464-4DF6-8DC2-19E1BDB37E1A}.Release|Any CPU.Build.0 = Release|Any CPU
	EndGlobalSection
	GlobalSection(SolutionProperties) = preSolution
		HideSolutionNode = FALSE
	EndGlobalSection
	GlobalSection(ExtensibilityGlobals) = postSolution
		SolutionGuid = {A17270E5-1E8C-4B6D-959B-57D70D9FF088}
	EndGlobalSection
EndGlobal
